
Microsoft Visual Studio Solution File, Format Version 12.00
# Visual Studio Version 17
VisualStudioVersion = 17.4.33403.182
MinimumVisualStudioVersion = 10.0.40219.1
Project("{FAE04EC0-301F-11D3-BF4B-00C04F79EFBC}") = "DotnetCoreBenchmark", "DotnetCoreBenchmark.csproj", "{53864F67-673D-407B-8BA4-14607383A609}"
EndProject
Global
	GlobalSection(SolutionConfigurationPlatforms) = preSolution
		Debug|Any CPU = Debug|Any CPU
		Release|Any CPU = Release|Any CPU
	EndGlobalSection
	GlobalSection(ProjectConfigurationPlatforms) = postSolution
		{53864F67-673D-407B-8BA4-14607383A609}.Debug|Any CPU.ActiveCfg = Debug|Any CPU
		{53864F67-673D-407B-8BA4-14607383A609}.Debug|Any CPU.Build.0 = Debug|Any CPU
		{53864F67-673D-407B-8BA4-14607383A609}.Release|Any CPU.ActiveCfg = Release|Any CPU
		{53864F67-673D-407B-8BA4-14607383A609}.Release|Any CPU.Build.0 = Release|Any CPU
	EndGlobalSection
	GlobalSection(SolutionProperties) = preSolution
		HideSolutionNode = FALSE
	EndGlobalSection
	GlobalSection(ExtensibilityGlobals) = postSolution
		SolutionGuid = {E7A156D1-5652-4CCB-811D-D8CB623F6D34}
	EndGlobalSection
EndGlobal
